
Microsoft Visual Studio Solution File, Format Version 12.00
# Visual Studio Version 17
VisualStudioVersion = 17.14.36811.4 d17.14
MinimumVisualStudioVersion = 10.0.40219.1
Project("{FAE04EC0-301F-11D3-BF4B-00C04F79EFBC}") = "MeuPortfolio", "MeuPortfolio.csproj", "{AF86AD4F-E13A-C2D7-8312-183C2A06CB3B}"
EndProject
Global
	GlobalSection(SolutionConfigurationPlatforms) = preSolution
		Debug|Any CPU = Debug|Any CPU
		Release|Any CPU = Release|Any CPU
	EndGlobalSection
	GlobalSection(ProjectConfigurationPlatforms) = postSolution
		{AF86AD4F-E13A-C2D7-8312-183C2A06CB3B}.Debug|Any CPU.ActiveCfg = Debug|Any CPU
		{AF86AD4F-E13A-C2D7-8312-183C2A06CB3B}.Debug|Any CPU.Build.0 = Debug|Any CPU
		{AF86AD4F-E13A-C2D7-8312-183C2A06CB3B}.Release|Any CPU.ActiveCfg = Release|Any CPU
		{AF86AD4F-E13A-C2D7-8312-183C2A06CB3B}.Release|Any CPU.Build.0 = Release|Any CPU
	EndGlobalSection
	GlobalSection(SolutionProperties) = preSolution
		HideSolutionNode = FALSE
	EndGlobalSection
	GlobalSection(ExtensibilityGlobals) = postSolution
		SolutionGuid = {B3EEB9E8-B9DE-455A-8496-F51E77ACBD8A}
	EndGlobalSection
EndGlobal
